hash: c5782ccdbf898cfab7a7158eb9ee26e1d4c3b46647e96808dd48e73fd6a6875e
updated: 2016-11-07T02:14:31.73765954+03:00
imports:
- name: github.com/apache/thrift
  version: 74c99ba38b02288daf05229cdf34e60261d2d01e
  subpackages:
  - lib/go/thrift
- name: github.com/davecgh/go-spew
  version: 346938d642f2ec3594ed81d874461961cd0faa76
  subpackages:
  - spew
- name: github.com/eapache/go-resiliency
  version: b86b1ec0dd4209a588dc1285cdd471e73525c0b3
  subpackages:
  - breaker
- name: github.com/eapache/go-xerial-snappy
  version: bb955e01b9346ac19dc29eb16586c90ded99a98c
- name: github.com/eapache/queue
  version: 44cc805cf13205b55f69e14bcb69867d1ae92f98
- name: github.com/go-kit/kit
  version: 6fb874ce59bb45b2f60ee3d289829db02142ecc6
  subpackages:
  - endpoint
  - log
  - tracing/opentracing
  - transport/http
- name: github.com/go-logfmt/logfmt
  version: d4327190ff838312623b09bfeb50d7c93c8d9c1d
- name: github.com/go-stack/stack
  version: 100eb0c0a9c5b306ca2fb4f165df21d80ada4b82
- name: github.com/gogo/protobuf
  version: 8d70fb3182befc465c4a1eac8ad4d38ff49778e2
  subpackages:
  - proto
- name: github.com/golang/snappy
  version: d9eb7a3d35ec988b8585d4a0068e462c27d28380
- name: github.com/graphql-go/graphql
  version: a5cf5f205dfd1cec7d9c7a5e94f5f2084faf47bc
  subpackages:
  - gqlerrors
  - language/ast
  - language/kinds
  - language/lexer
  - language/location
  - language/parser
  - language/printer
  - language/source
  - language/typeInfo
  - language/visitor
- name: github.com/klauspost/crc32
  version: cb6bfca970f6908083f26f39a79009d608efd5cd
- name: github.com/kr/logfmt
  version: b84e30acd515aadc4b783ad4ff83aff3299bdfe0
- name: github.com/opentracing-contrib/go-stdlib
  version: 75e37ae3e209c490d2aa67d8a31fb302fdc38cba
- name: github.com/opentracing/opentracing-go
  version: 0c3154a3c2ce79d3271985848659870599dfb77c
  subpackages:
  - ext
  - log
- name: github.com/openzipkin/zipkin-go-opentracing
  version: e877b8e9d1069eaedfe4f27e9b6a51cfe20073c9
  subpackages:
  - _thrift/gen-go/scribe
  - _thrift/gen-go/zipkincore
  - flag
  - types
  - wire
- name: github.com/rcrowley/go-metrics
  version: ab2277b1c5d15c3cba104e9cbddbdfc622df5ad8
- name: github.com/Shopify/sarama
  version: fd498173ae2bfc49a2b4eb19353241317785e7e6
- name: golang.org/x/net
  version: 55a3084c9119aeb9ba2437d595b0a7e9cb635da9
  subpackages:
  - context
  - context/ctxhttp
  - internal/timeseries
  - trace
- name: google.golang.org/grpc
  version: ceb1db3272127bb48be3933ba391bf5d74951274
  subpackages:
  - metadata
testImports: []
